{
  "version": 4,
  "terraform_version": "0.12.20",
  "serial": 52,
  "lineage": "6c80976d-7f0c-c5f0-1e91-00d38e2b382a",
  "outputs": {
    "functionAppName": {
      "value": "dev-fakeprofile-fn",
      "type": "string"
    },
    "publish_password": {
      "value": "vqj92DZYafWhlEh8S3eSpQPygcaqPkRer8uLeG4j162yxJmCBxh8NCDwknJx",
      "type": "string",
      "sensitive": true
    },
    "publish_username": {
      "value": "$dev-fakeprofile-fn",
      "type": "string"
    },
    "resourceGroupName": {
      "value": "dev-fakeprofile-rg",
      "type": "string"
    }
  },
  "resources": [
    {
      "mode": "managed",
      "type": "azurerm_app_service_plan",
      "name": "fake",
      "provider": "provider.azurerm",
      "instances": [
        {
          "schema_version": 0,
          "attributes": {
            "app_service_environment_id": null,
            "id": "/subscriptions/aacd9184-8c15-4f74-b6d7-f9cff898f6be/resourceGroups/dev-fakeprofile-rg/providers/Microsoft.Web/serverfarms/dev-fakeprofile-asp",
            "is_xenon": false,
            "kind": "FunctionApp",
            "location": "westeurope",
            "maximum_elastic_worker_count": 1,
            "maximum_number_of_workers": 1,
            "name": "dev-fakeprofile-asp",
            "per_site_scaling": false,
            "properties": [
              {
                "app_service_environment_id": "",
                "per_site_scaling": false,
                "reserved": false
              }
            ],
            "reserved": false,
            "resource_group_name": "dev-fakeprofile-rg",
            "sku": [
              {
                "capacity": 0,
                "size": "F1",
                "tier": "Free"
              }
            ],
            "tags": {
              "source": "terraform"
            }
          },
          "private": "bnVsbA==",
          "dependencies": [
            "azurerm_resource_group.fake"
          ]
        }
      ]
    },
    {
      "mode": "managed",
      "type": "azurerm_cognitive_account",
      "name": "fake",
      "provider": "provider.azurerm",
      "instances": [
        {
          "schema_version": 0,
          "attributes": {
            "endpoint": "https://westeurope.api.cognitive.microsoft.com/",
            "id": "/subscriptions/aacd9184-8c15-4f74-b6d7-f9cff898f6be/resourceGroups/dev-fakeprofile-rg/providers/Microsoft.CognitiveServices/accounts/dev-fakeprofile-cs",
            "kind": "Face",
            "location": "westeurope",
            "name": "dev-fakeprofile-cs",
            "primary_access_key": "2f6e5cd2999c4501a97b5135c2b5f7e6",
            "resource_group_name": "dev-fakeprofile-rg",
            "secondary_access_key": "1603354789e24e57b837f18a3bdb4cd8",
            "sku": [
              {
                "name": "S0",
                "tier": "Standard"
              }
            ],
            "sku_name": "S0",
            "tags": {
              "source": "terraform"
            }
          },
          "private": "bnVsbA==",
          "dependencies": [
            "azurerm_resource_group.fake"
          ]
        }
      ]
    },
    {
      "mode": "managed",
      "type": "azurerm_function_app",
      "name": "fake",
      "provider": "provider.azurerm",
      "instances": [
        {
          "schema_version": 0,
          "attributes": {
            "app_service_plan_id": "/subscriptions/aacd9184-8c15-4f74-b6d7-f9cff898f6be/resourceGroups/dev-fakeprofile-rg/providers/Microsoft.Web/serverfarms/dev-fakeprofile-asp",
            "app_settings": {
              "API_Location_Face": "westeurope",
              "API_SubscriptionKey_Face": "2f6e5cd2999c4501a97b5135c2b5f7e6",
              "FUNCTIONS_WORKER_RUNTIME": "Powershell",
              "PSWorkerInProcConcurrencyUpperBound": "10"
            },
            "auth_settings": [
              {
                "active_directory": [],
                "additional_login_params": {},
                "allowed_external_redirect_urls": [],
                "default_provider": "",
                "enabled": false,
                "facebook": [],
                "google": [],
                "issuer": "",
                "microsoft": [],
                "runtime_version": "",
                "token_refresh_extension_hours": 0,
                "token_store_enabled": false,
                "twitter": [],
                "unauthenticated_client_action": ""
              }
            ],
            "client_affinity_enabled": false,
            "connection_string": [],
            "default_hostname": "dev-fakeprofile-fn.azurewebsites.net",
            "enable_builtin_logging": true,
            "enabled": true,
            "https_only": false,
            "id": "/subscriptions/aacd9184-8c15-4f74-b6d7-f9cff898f6be/resourceGroups/dev-fakeprofile-rg/providers/Microsoft.Web/sites/dev-fakeprofile-fn",
            "identity": [
              {
                "identity_ids": [],
                "principal_id": "5685257d-4ead-4ec9-8ddc-2a2f239b9f42",
                "tenant_id": "59c8bfd7-d9bd-4dc4-a960-a3aa033e009e",
                "type": "SystemAssigned"
              }
            ],
            "kind": "functionapp",
            "location": "westeurope",
            "name": "dev-fakeprofile-fn",
            "outbound_ip_addresses": "52.174.193.210,52.174.25.82,52.174.193.198,52.174.179.194,52.233.162.224",
            "possible_outbound_ip_addresses": "52.174.193.210,52.174.25.82,52.174.193.198,52.174.179.194,52.233.162.224,51.144.92.140,51.144.97.166",
            "resource_group_name": "dev-fakeprofile-rg",
            "site_config": [
              {
                "always_on": false,
                "cors": [
                  {
                    "allowed_origins": [],
                    "support_credentials": false
                  }
                ],
                "ftps_state": "AllAllowed",
                "http2_enabled": false,
                "ip_restriction": [],
                "linux_fx_version": "",
                "min_tls_version": "1.2",
                "use_32_bit_worker_process": true,
                "virtual_network_name": "",
                "websockets_enabled": false
              }
            ],
            "site_credential": [
              {
                "password": "vqj92DZYafWhlEh8S3eSpQPygcaqPkRer8uLeG4j162yxJmCBxh8NCDwknJx",
                "username": "$dev-fakeprofile-fn"
              }
            ],
            "storage_connection_string": "DefaultEndpointsProtocol=https;AccountName=devfakeprofilesa;AccountKey=0cCX7pDV6XNFEIAsGgcBhXxzix74tgpq37sICYoMaFaqUaKVnWbWxQOgcCULxK1FVCnEf6hL6xd+hpMmjRGtiA==;EndpointSuffix=core.windows.net",
            "tags": {
              "source": "terraform"
            },
            "version": "~1"
          },
          "private": "bnVsbA==",
          "dependencies": [
            "azurerm_app_service_plan.fake",
            "azurerm_cognitive_account.fake",
            "azurerm_resource_group.fake",
            "azurerm_storage_account.fake"
          ]
        }
      ]
    },
    {
      "mode": "managed",
      "type": "azurerm_resource_group",
      "name": "fake",
      "provider": "provider.azurerm",
      "instances": [
        {
          "schema_version": 0,
          "attributes": {
            "id": "/subscriptions/aacd9184-8c15-4f74-b6d7-f9cff898f6be/resourceGroups/dev-fakeprofile-rg",
            "location": "westeurope",
            "name": "dev-fakeprofile-rg",
            "tags": {
              "source": "terraform"
            }
          },
          "private": "bnVsbA=="
        }
      ]
    },
    {
      "mode": "managed",
      "type": "azurerm_storage_account",
      "name": "fake",
      "provider": "provider.azurerm",
      "instances": [
        {
          "schema_version": 2,
          "attributes": {
            "access_tier": "Hot",
            "account_encryption_source": "Microsoft.Storage",
            "account_kind": "StorageV2",
            "account_replication_type": "LRS",
            "account_tier": "Standard",
            "account_type": "Standard_LRS",
            "blob_properties": [
              {
                "delete_retention_policy": []
              }
            ],
            "custom_domain": [],
            "enable_advanced_threat_protection": false,
            "enable_blob_encryption": true,
            "enable_file_encryption": true,
            "enable_https_traffic_only": true,
            "id": "/subscriptions/aacd9184-8c15-4f74-b6d7-f9cff898f6be/resourceGroups/dev-fakeprofile-rg/providers/Microsoft.Storage/storageAccounts/devfakeprofilesa",
            "identity": [],
            "is_hns_enabled": false,
            "location": "westeurope",
            "name": "devfakeprofilesa",
            "network_rules": [
              {
                "bypass": [
                  "AzureServices"
                ],
                "default_action": "Allow",
                "ip_rules": [],
                "virtual_network_subnet_ids": []
              }
            ],
            "primary_access_key": "0cCX7pDV6XNFEIAsGgcBhXxzix74tgpq37sICYoMaFaqUaKVnWbWxQOgcCULxK1FVCnEf6hL6xd+hpMmjRGtiA==",
            "primary_blob_connection_string": "DefaultEndpointsProtocol=https;BlobEndpoint=https://devfakeprofilesa.blob.core.windows.net/;AccountName=devfakeprofilesa;AccountKey=0cCX7pDV6XNFEIAsGgcBhXxzix74tgpq37sICYoMaFaqUaKVnWbWxQOgcCULxK1FVCnEf6hL6xd+hpMmjRGtiA==",
            "primary_blob_endpoint": "https://devfakeprofilesa.blob.core.windows.net/",
            "primary_blob_host": "devfakeprofilesa.blob.core.windows.net",
            "primary_connection_string": "DefaultEndpointsProtocol=https;AccountName=devfakeprofilesa;AccountKey=0cCX7pDV6XNFEIAsGgcBhXxzix74tgpq37sICYoMaFaqUaKVnWbWxQOgcCULxK1FVCnEf6hL6xd+hpMmjRGtiA==;EndpointSuffix=core.windows.net",
            "primary_dfs_endpoint": "https://devfakeprofilesa.dfs.core.windows.net/",
            "primary_dfs_host": "devfakeprofilesa.dfs.core.windows.net",
            "primary_file_endpoint": "https://devfakeprofilesa.file.core.windows.net/",
            "primary_file_host": "devfakeprofilesa.file.core.windows.net",
            "primary_location": "westeurope",
            "primary_queue_endpoint": "https://devfakeprofilesa.queue.core.windows.net/",
            "primary_queue_host": "devfakeprofilesa.queue.core.windows.net",
            "primary_table_endpoint": "https://devfakeprofilesa.table.core.windows.net/",
            "primary_table_host": "devfakeprofilesa.table.core.windows.net",
            "primary_web_endpoint": "https://devfakeprofilesa.z6.web.core.windows.net/",
            "primary_web_host": "devfakeprofilesa.z6.web.core.windows.net",
            "queue_properties": [
              {
                "cors_rule": [],
                "hour_metrics": [
                  {
                    "enabled": true,
                    "include_apis": true,
                    "retention_policy_days": 7,
                    "version": "1.0"
                  }
                ],
                "logging": [
                  {
                    "delete": false,
                    "read": false,
                    "retention_policy_days": 0,
                    "version": "1.0",
                    "write": false
                  }
                ],
                "minute_metrics": [
                  {
                    "enabled": false,
                    "include_apis": false,
                    "retention_policy_days": 0,
                    "version": "1.0"
                  }
                ]
              }
            ],
            "resource_group_name": "dev-fakeprofile-rg",
            "secondary_access_key": "3Pz+vkMFrYBsKdZs/NglLe5ud/LBAo1mFCt3fhq7IdoIYJwkqa1MqNW7EstsncmZw0qX8/lt7Lpf5N7Ygdymzw==",
            "secondary_blob_connection_string": "",
            "secondary_blob_endpoint": null,
            "secondary_blob_host": null,
            "secondary_connection_string": "DefaultEndpointsProtocol=https;AccountName=devfakeprofilesa;AccountKey=3Pz+vkMFrYBsKdZs/NglLe5ud/LBAo1mFCt3fhq7IdoIYJwkqa1MqNW7EstsncmZw0qX8/lt7Lpf5N7Ygdymzw==;EndpointSuffix=core.windows.net",
            "secondary_dfs_endpoint": null,
            "secondary_dfs_host": null,
            "secondary_file_endpoint": null,
            "secondary_file_host": null,
            "secondary_location": "",
            "secondary_queue_endpoint": null,
            "secondary_queue_host": null,
            "secondary_table_endpoint": null,
            "secondary_table_host": null,
            "secondary_web_endpoint": null,
            "secondary_web_host": null,
            "tags": {
              "source": "terraform"
            }
          },
          "private": "eyJzY2hlbWFfdmVyc2lvbiI6IjIifQ==",
          "dependencies": [
            "azurerm_resource_group.fake"
          ]
        }
      ]
    },
    {
      "mode": "managed",
      "type": "azurerm_storage_container",
      "name": "fake",
      "each": "list",
      "provider": "provider.azurerm",
      "instances": [
        {
          "index_key": 0,
          "schema_version": 1,
          "attributes": {
            "container_access_type": "private",
            "has_immutability_policy": false,
            "has_legal_hold": false,
            "id": "https://devfakeprofilesa.blob.core.windows.net/pictures",
            "metadata": {},
            "name": "pictures",
            "properties": {
              "last_modified": "Thu, 13 Feb 2020 23:57:19 GMT",
              "lease_duration": "",
              "lease_state": "available",
              "lease_status": "unlocked"
            },
            "resource_group_name": "dev-fakeprofile-rg",
            "storage_account_name": "devfakeprofilesa"
          },
          "private": "eyJzY2hlbWFfdmVyc2lvbiI6IjEifQ==",
          "dependencies": [
            "azurerm_storage_account.fake"
          ]
        }
      ]
    },
    {
      "mode": "managed",
      "type": "azurerm_storage_queue",
      "name": "fake",
      "each": "list",
      "provider": "provider.azurerm",
      "instances": []
    },
    {
      "mode": "managed",
      "type": "azurerm_storage_table",
      "name": "fake",
      "each": "list",
      "provider": "provider.azurerm",
      "instances": [
        {
          "index_key": 0,
          "schema_version": 2,
          "attributes": {
            "acl": [],
            "id": "https://devfakeprofilesa.table.core.windows.net/Tables('config')",
            "name": "config",
            "resource_group_name": "dev-fakeprofile-rg",
            "storage_account_name": "devfakeprofilesa"
          },
          "private": "eyJzY2hlbWFfdmVyc2lvbiI6IjIifQ==",
          "dependencies": [
            "azurerm_storage_account.fake"
          ]
        },
        {
          "index_key": 1,
          "schema_version": 2,
          "attributes": {
            "acl": [],
            "id": "https://devfakeprofilesa.table.core.windows.net/Tables('faces')",
            "name": "faces",
            "resource_group_name": "dev-fakeprofile-rg",
            "storage_account_name": "devfakeprofilesa"
          },
          "private": "eyJzY2hlbWFfdmVyc2lvbiI6IjIifQ==",
          "dependencies": [
            "azurerm_storage_account.fake"
          ]
        },
        {
          "index_key": 2,
          "schema_version": 2,
          "attributes": {
            "acl": [],
            "id": "https://devfakeprofilesa.table.core.windows.net/Tables('progress')",
            "name": "progress",
            "resource_group_name": "dev-fakeprofile-rg",
            "storage_account_name": "devfakeprofilesa"
          },
          "private": "eyJzY2hlbWFfdmVyc2lvbiI6IjIifQ==",
          "dependencies": [
            "azurerm_storage_account.fake"
          ]
        },
        {
          "index_key": 3,
          "schema_version": 2,
          "attributes": {
            "acl": [],
            "id": "https://devfakeprofilesa.table.core.windows.net/Tables('import')",
            "name": "import",
            "resource_group_name": "dev-fakeprofile-rg",
            "storage_account_name": "devfakeprofilesa"
          },
          "private": "eyJzY2hlbWFfdmVyc2lvbiI6IjIifQ==",
          "dependencies": [
            "azurerm_storage_account.fake"
          ]
        }
      ]
    }
  ]
}
